
Microsoft Visual Studio Solution File, Format Version 12.00
# Visual Studio 15
VisualStudioVersion = 15.0.27703.2042
MinimumVisualStudioVersion = 10.0.40219.1
Project("{FAE04EC0-301F-11D3-BF4B-00C04F79EFBC}") = "ArcheryScoringApp.Android", "SyncFusionTrial\SyncFusionTrial.Android\ArcheryScoringApp.Android.csproj", "{75D67AC4-98E3-40B4-94AF-B63022659A31}"
EndProject
Project("{FAE04EC0-301F-11D3-BF4B-00C04F79EFBC}") = "ArcheryScoringApp.iOS", "SyncFusionTrial\SyncFusionTrial.iOS\ArcheryScoringApp.iOS.csproj", "{4FA620E9-FF44-44A1-9AED-FF34B5FFD039}"
EndProject
Project("{FAE04EC0-301F-11D3-BF4B-00C04F79EFBC}") = "ArcheryScoringApp.UWP", "SyncFusionTrial\SyncFusionTrial.UWP\ArcheryScoringApp.UWP.csproj", "{3DBD78FC-5A19-449E-B879-918A88EE65B9}"
EndProject
Project("{D954291E-2A0B-460D-934E-DC6B0785DB48}") = "ArcheryScoringApp", "SyncFusionTrial\SyncFusionTrial\ArcheryScoringApp.shproj", "{74A97C99-2623-414B-86F8-1E253BDFBE49}"
EndProject
Global
	GlobalSection(SharedMSBuildProjectFiles) = preSolution
		SyncFusionTrial\SyncFusionTrial\SyncFusionTrial.projitems*{3dbd78fc-5a19-449e-b879-918a88ee65b9}*SharedItemsImports = 4
		SyncFusionTrial\SyncFusionTrial\SyncFusionTrial.projitems*{4fa620e9-ff44-44a1-9aed-ff34b5ffd039}*SharedItemsImports = 4
		SyncFusionTrial\SyncFusionTrial\SyncFusionTrial.projitems*{74a97c99-2623-414b-86f8-1e253bdfbe49}*SharedItemsImports = 13
		SyncFusionTrial\SyncFusionTrial\SyncFusionTrial.projitems*{75d67ac4-98e3-40b4-94af-b63022659a31}*SharedItemsImports = 4
	EndGlobalSection
	GlobalSection(SolutionConfigurationPlatforms) = preSolution
		Ad-Hoc|Any CPU = Ad-Hoc|Any CPU
		Ad-Hoc|ARM = Ad-Hoc|ARM
		Ad-Hoc|iPhone = Ad-Hoc|iPhone
		Ad-Hoc|iPhoneSimulator = Ad-Hoc|iPhoneSimulator
		Ad-Hoc|x64 = Ad-Hoc|x64
		Ad-Hoc|x86 = Ad-Hoc|x86
		AppStore|Any CPU = AppStore|Any CPU
		AppStore|ARM = AppStore|ARM
		AppStore|iPhone = AppStore|iPhone
		AppStore|iPhoneSimulator = AppStore|iPhoneSimulator
		AppStore|x64 = AppStore|x64
		AppStore|x86 = AppStore|x86
		Debug|Any CPU = Debug|Any CPU
		Debug|ARM = Debug|ARM
		Debug|iPhone = Debug|iPhone
		Debug|iPhoneSimulator = Debug|iPhoneSimulator
		Debug|x64 = Debug|x64
		Debug|x86 = Debug|x86
		Release|Any CPU = Release|Any CPU
		Release|ARM = Release|ARM
		Release|iPhone = Release|iPhone
		Release|iPhoneSimulator = Release|iPhoneSimulator
		Release|x64 = Release|x64
		Release|x86 = Release|x86
	EndGlobalSection
	GlobalSection(ProjectConfigurationPlatforms) = postSolution
		{75D67AC4-98E3-40B4-94AF-B63022659A31}.Ad-Hoc|Any CPU.ActiveCfg = Release|Any CPU
		{75D67AC4-98E3-40B4-94AF-B63022659A31}.Ad-Hoc|Any CPU.Build.0 = Release|Any CPU
		{75D67AC4-98E3-40B4-94AF-B63022659A31}.Ad-Hoc|Any CPU.Deploy.0 = Release|Any CPU
		{75D67AC4-98E3-40B4-94AF-B63022659A31}.Ad-Hoc|ARM.ActiveCfg = Release|Any CPU
		{75D67AC4-98E3-40B4-94AF-B63022659A31}.Ad-Hoc|ARM.Build.0 = Release|Any CPU
		{75D67AC4-98E3-40B4-94AF-B63022659A31}.Ad-Hoc|ARM.Deploy.0 = Release|Any CPU
		{75D67AC4-98E3-40B4-94AF-B63022659A31}.Ad-Hoc|iPhone.ActiveCfg = Release|Any CPU
		{75D67AC4-98E3-40B4-94AF-B63022659A31}.Ad-Hoc|iPhone.Build.0 = Release|Any CPU
		{75D67AC4-98E3-40B4-94AF-B63022659A31}.Ad-Hoc|iPhone.Deploy.0 = Release|Any CPU
		{75D67AC4-98E3-40B4-94AF-B63022659A31}.Ad-Hoc|iPhoneSimulator.ActiveCfg = Release|Any CPU
		{75D67AC4-98E3-40B4-94AF-B63022659A31}.Ad-Hoc|iPhoneSimulator.Build.0 = Release|Any CPU
		{75D67AC4-98E3-40B4-94AF-B63022659A31}.Ad-Hoc|iPhoneSimulator.Deploy.0 = Release|Any CPU
		{75D67AC4-98E3-40B4-94AF-B63022659A31}.Ad-Hoc|x64.ActiveCfg = Release|Any CPU
		{75D67AC4-98E3-40B4-94AF-B63022659A31}.Ad-Hoc|x64.Build.0 = Release|Any CPU
		{75D67AC4-98E3-40B4-94AF-B63022659A31}.Ad-Hoc|x64.Deploy.0 = Release|Any CPU
		{75D67AC4-98E3-40B4-94AF-B63022659A31}.Ad-Hoc|x86.ActiveCfg = Release|Any CPU
		{75D67AC4-98E3-40B4-94AF-B63022659A31}.Ad-Hoc|x86.Build.0 = Release|Any CPU
		{75D67AC4-98E3-40B4-94AF-B63022659A31}.Ad-Hoc|x86.Deploy.0 = Release|Any CPU
		{75D67AC4-98E3-40B4-94AF-B63022659A31}.AppStore|Any CPU.ActiveCfg = Release|Any CPU
		{75D67AC4-98E3-40B4-94AF-B63022659A31}.AppStore|Any CPU.Build.0 = Release|Any CPU
		{75D67AC4-98E3-40B4-94AF-B63022659A31}.AppStore|Any CPU.Deploy.0 = Release|Any CPU
		{75D67AC4-98E3-40B4-94AF-B63022659A31}.AppStore|ARM.ActiveCfg = Release|Any CPU
		{75D67AC4-98E3-40B4-94AF-B63022659A31}.AppStore|ARM.Build.0 = Release|Any CPU
		{75D67AC4-98E3-40B4-94AF-B63022659A31}.AppStore|ARM.Deploy.0 = Release|Any CPU
		{75D67AC4-98E3-40B4-94AF-B63022659A31}.AppStore|iPhone.ActiveCfg = Release|Any CPU
		{75D67AC4-98E3-40B4-94AF-B63022659A31}.AppStore|iPhone.Build.0 = Release|Any CPU
		{75D67AC4-98E3-40B4-94AF-B63022659A31}.AppStore|iPhone.Deploy.0 = Release|Any CPU
		{75D67AC4-98E3-40B4-94AF-B63022659A31}.AppStore|iPhoneSimulator.ActiveCfg = Release|Any CPU
		{75D67AC4-98E3-40B4-94AF-B63022659A31}.AppStore|iPhoneSimulator.Build.0 = Release|Any CPU
		{75D67AC4-98E3-40B4-94AF-B63022659A31}.AppStore|iPhoneSimulator.Deploy.0 = Release|Any CPU
		{75D67AC4-98E3-40B4-94AF-B63022659A31}.AppStore|x64.ActiveCfg = Release|Any CPU
		{75D67AC4-98E3-40B4-94AF-B63022659A31}.AppStore|x64.Build.0 = Release|Any CPU
		{75D67AC4-98E3-40B4-94AF-B63022659A31}.AppStore|x64.Deploy.0 = Release|Any CPU
		{75D67AC4-98E3-40B4-94AF-B63022659A31}.AppStore|x86.ActiveCfg = Release|Any CPU
		{75D67AC4-98E3-40B4-94AF-B63022659A31}.AppStore|x86.Build.0 = Release|Any CPU
		{75D67AC4-98E3-40B4-94AF-B63022659A31}.AppStore|x86.Deploy.0 = Release|Any CPU
		{75D67AC4-98E3-40B4-94AF-B63022659A31}.Debug|Any CPU.ActiveCfg = Debug|Any CPU
		{75D67AC4-98E3-40B4-94AF-B63022659A31}.Debug|Any CPU.Build.0 = Debug|Any CPU
		{75D67AC4-98E3-40B4-94AF-B63022659A31}.Debug|Any CPU.Deploy.0 = Debug|Any CPU
		{75D67AC4-98E3-40B4-94AF-B63022659A31}.Debug|ARM.ActiveCfg = Debug|Any CPU
		{75D67AC4-98E3-40B4-94AF-B63022659A31}.Debug|ARM.Build.0 = Debug|Any CPU
		{75D67AC4-98E3-40B4-94AF-B63022659A31}.Debug|ARM.Deploy.0 = Debug|Any CPU
		{75D67AC4-98E3-40B4-94AF-B63022659A31}.Debug|iPhone.ActiveCfg = Debug|Any CPU
		{75D67AC4-98E3-40B4-94AF-B63022659A31}.Debug|iPhone.Build.0 = Debug|Any CPU
		{75D67AC4-98E3-40B4-94AF-B63022659A31}.Debug|iPhone.Deploy.0 = Debug|Any CPU
		{75D67AC4-98E3-40B4-94AF-B63022659A31}.Debug|iPhoneSimulator.ActiveCfg = Debug|Any CPU
		{75D67AC4-98E3-40B4-94AF-B63022659A31}.Debug|iPhoneSimulator.Build.0 = Debug|Any CPU
		{75D67AC4-98E3-40B4-94AF-B63022659A31}.Debug|iPhoneSimulator.Deploy.0 = Debug|Any CPU
		{75D67AC4-98E3-40B4-94AF-B63022659A31}.Debug|x64.ActiveCfg = Debug|Any CPU
		{75D67AC4-98E3-40B4-94AF-B63022659A31}.Debug|x64.Build.0 = Debug|Any CPU
		{75D67AC4-98E3-40B4-94AF-B63022659A31}.Debug|x64.Deploy.0 = Debug|Any CPU
		{75D67AC4-98E3-40B4-94AF-B63022659A31}.Debug|x86.ActiveCfg = Debug|Any CPU
		{75D67AC4-98E3-40B4-94AF-B63022659A31}.Debug|x86.Build.0 = Debug|Any CPU
		{75D67AC4-98E3-40B4-94AF-B63022659A31}.Debug|x86.Deploy.0 = Debug|Any CPU
		{75D67AC4-98E3-40B4-94AF-B63022659A31}.Release|Any CPU.ActiveCfg = Release|Any CPU
		{75D67AC4-98E3-40B4-94AF-B63022659A31}.Release|Any CPU.Build.0 = Release|Any CPU
		{75D67AC4-98E3-40B4-94AF-B63022659A31}.Release|Any CPU.Deploy.0 = Release|Any CPU
		{75D67AC4-98E3-40B4-94AF-B63022659A31}.Release|ARM.ActiveCfg = Release|Any CPU
		{75D67AC4-98E3-40B4-94AF-B63022659A31}.Release|ARM.Build.0 = Release|Any CPU
		{75D67AC4-98E3-40B4-94AF-B63022659A31}.Release|ARM.Deploy.0 = Release|Any CPU
		{75D67AC4-98E3-40B4-94AF-B63022659A31}.Release|iPhone.ActiveCfg = Release|Any CPU
		{75D67AC4-98E3-40B4-94AF-B63022659A31}.Release|iPhone.Build.0 = Release|Any CPU
		{75D67AC4-98E3-40B4-94AF-B63022659A31}.Release|iPhone.Deploy.0 = Release|Any CPU
		{75D67AC4-98E3-40B4-94AF-B63022659A31}.Release|iPhoneSimulator.ActiveCfg = Release|Any CPU
		{75D67AC4-98E3-40B4-94AF-B63022659A31}.Release|iPhoneSimulator.Build.0 = Release|Any CPU
		{75D67AC4-98E3-40B4-94AF-B63022659A31}.Release|iPhoneSimulator.Deploy.0 = Release|Any CPU
		{75D67AC4-98E3-40B4-94AF-B63022659A31}.Release|x64.ActiveCfg = Release|Any CPU
		{75D67AC4-98E3-40B4-94AF-B63022659A31}.Release|x64.Build.0 = Release|Any CPU
		{75D67AC4-98E3-40B4-94AF-B63022659A31}.Release|x64.Deploy.0 = Release|Any CPU
		{75D67AC4-98E3-40B4-94AF-B63022659A31}.Release|x86.ActiveCfg = Release|Any CPU
		{75D67AC4-98E3-40B4-94AF-B63022659A31}.Release|x86.Build.0 = Release|Any CPU
		{75D67AC4-98E3-40B4-94AF-B63022659A31}.Release|x86.Deploy.0 = Release|Any CPU
		{4FA620E9-FF44-44A1-9AED-FF34B5FFD039}.Ad-Hoc|Any CPU.ActiveCfg = Ad-Hoc|iPhone
		{4FA620E9-FF44-44A1-9AED-FF34B5FFD039}.Ad-Hoc|Any CPU.Build.0 = Ad-Hoc|iPhone
		{4FA620E9-FF44-44A1-9AED-FF34B5FFD039}.Ad-Hoc|Any CPU.Deploy.0 = Ad-Hoc|iPhone
		{4FA620E9-FF44-44A1-9AED-FF34B5FFD039}.Ad-Hoc|ARM.ActiveCfg = Ad-Hoc|iPhone
		{4FA620E9-FF44-44A1-9AED-FF34B5FFD039}.Ad-Hoc|ARM.Build.0 = Ad-Hoc|iPhone
		{4FA620E9-FF44-44A1-9AED-FF34B5FFD039}.Ad-Hoc|ARM.Deploy.0 = Ad-Hoc|iPhone
		{4FA620E9-FF44-44A1-9AED-FF34B5FFD039}.Ad-Hoc|iPhone.ActiveCfg = Ad-Hoc|iPhone
		{4FA620E9-FF44-44A1-9AED-FF34B5FFD039}.Ad-Hoc|iPhone.Build.0 = Ad-Hoc|iPhone
		{4FA620E9-FF44-44A1-9AED-FF34B5FFD039}.Ad-Hoc|iPhone.Deploy.0 = Ad-Hoc|iPhone
		{4FA620E9-FF44-44A1-9AED-FF34B5FFD039}.Ad-Hoc|iPhoneSimulator.ActiveCfg = Ad-Hoc|iPhoneSimulator
		{4FA620E9-FF44-44A1-9AED-FF34B5FFD039}.Ad-Hoc|iPhoneSimulator.Build.0 = Ad-Hoc|iPhoneSimulator
		{4FA620E9-FF44-44A1-9AED-FF34B5FFD039}.Ad-Hoc|iPhoneSimulator.Deploy.0 = Ad-Hoc|iPhoneSimulator
		{4FA620E9-FF44-44A1-9AED-FF34B5FFD039}.Ad-Hoc|x64.ActiveCfg = Ad-Hoc|iPhone
		{4FA620E9-FF44-44A1-9AED-FF34B5FFD039}.Ad-Hoc|x64.Build.0 = Ad-Hoc|iPhone
		{4FA620E9-FF44-44A1-9AED-FF34B5FFD039}.Ad-Hoc|x64.Deploy.0 = Ad-Hoc|iPhone
		{4FA620E9-FF44-44A1-9AED-FF34B5FFD039}.Ad-Hoc|x86.ActiveCfg = Ad-Hoc|iPhone
		{4FA620E9-FF44-44A1-9AED-FF34B5FFD039}.Ad-Hoc|x86.Build.0 = Ad-Hoc|iPhone
		{4FA620E9-FF44-44A1-9AED-FF34B5FFD039}.Ad-Hoc|x86.Deploy.0 = Ad-Hoc|iPhone
		{4FA620E9-FF44-44A1-9AED-FF34B5FFD039}.AppStore|Any CPU.ActiveCfg = AppStore|iPhone
		{4FA620E9-FF44-44A1-9AED-FF34B5FFD039}.AppStore|Any CPU.Build.0 = AppStore|iPhone
		{4FA620E9-FF44-44A1-9AED-FF34B5FFD039}.AppStore|Any CPU.Deploy.0 = AppStore|iPhone
		{4FA620E9-FF44-44A1-9AED-FF34B5FFD039}.AppStore|ARM.ActiveCfg = AppStore|iPhone
		{4FA620E9-FF44-44A1-9AED-FF34B5FFD039}.AppStore|ARM.Build.0 = AppStore|iPhone
		{4FA620E9-FF44-44A1-9AED-FF34B5FFD039}.AppStore|ARM.Deploy.0 = AppStore|iPhone
		{4FA620E9-FF44-44A1-9AED-FF34B5FFD039}.AppStore|iPhone.ActiveCfg = AppStore|iPhone
		{4FA620E9-FF44-44A1-9AED-FF34B5FFD039}.AppStore|iPhone.Build.0 = AppStore|iPhone
		{4FA620E9-FF44-44A1-9AED-FF34B5FFD039}.AppStore|iPhone.Deploy.0 = AppStore|iPhone
		{4FA620E9-FF44-44A1-9AED-FF34B5FFD039}.AppStore|iPhoneSimulator.ActiveCfg = AppStore|iPhoneSimulator
		{4FA620E9-FF44-44A1-9AED-FF34B5FFD039}.AppStore|iPhoneSimulator.Build.0 = AppStore|iPhoneSimulator
		{4FA620E9-FF44-44A1-9AED-FF34B5FFD039}.AppStore|iPhoneSimulator.Deploy.0 = AppStore|iPhoneSimulator
		{4FA620E9-FF44-44A1-9AED-FF34B5FFD039}.AppStore|x64.ActiveCfg = AppStore|iPhone
		{4FA620E9-FF44-44A1-9AED-FF34B5FFD039}.AppStore|x64.Build.0 = AppStore|iPhone
		{4FA620E9-FF44-44A1-9AED-FF34B5FFD039}.AppStore|x64.Deploy.0 = AppStore|iPhone
		{4FA620E9-FF44-44A1-9AED-FF34B5FFD039}.AppStore|x86.ActiveCfg = AppStore|iPhone
		{4FA620E9-FF44-44A1-9AED-FF34B5FFD039}.AppStore|x86.Build.0 = AppStore|iPhone
		{4FA620E9-FF44-44A1-9AED-FF34B5FFD039}.AppStore|x86.Deploy.0 = AppStore|iPhone
		{4FA620E9-FF44-44A1-9AED-FF34B5FFD039}.Debug|Any CPU.ActiveCfg = Debug|iPhoneSimulator
		{4FA620E9-FF44-44A1-9AED-FF34B5FFD039}.Debug|Any CPU.Build.0 = Debug|iPhoneSimulator
		{4FA620E9-FF44-44A1-9AED-FF34B5FFD039}.Debug|Any CPU.Deploy.0 = Debug|iPhoneSimulator
		{4FA620E9-FF44-44A1-9AED-FF34B5FFD039}.Debug|ARM.ActiveCfg = Debug|iPhone
		{4FA620E9-FF44-44A1-9AED-FF34B5FFD039}.Debug|ARM.Build.0 = Debug|iPhone
		{4FA620E9-FF44-44A1-9AED-FF34B5FFD039}.Debug|ARM.Deploy.0 = Debug|iPhone
		{4FA620E9-FF44-44A1-9AED-FF34B5FFD039}.Debug|iPhone.ActiveCfg = Debug|iPhone
		{4FA620E9-FF44-44A1-9AED-FF34B5FFD039}.Debug|iPhone.Build.0 = Debug|iPhone
		{4FA620E9-FF44-44A1-9AED-FF34B5FFD039}.Debug|iPhone.Deploy.0 = Debug|iPhone
		{4FA620E9-FF44-44A1-9AED-FF34B5FFD039}.Debug|iPhoneSimulator.ActiveCfg = Debug|iPhoneSimulator
		{4FA620E9-FF44-44A1-9AED-FF34B5FFD039}.Debug|iPhoneSimulator.Build.0 = Debug|iPhoneSimulator
		{4FA620E9-FF44-44A1-9AED-FF34B5FFD039}.Debug|iPhoneSimulator.Deploy.0 = Debug|iPhoneSimulator
		{4FA620E9-FF44-44A1-9AED-FF34B5FFD039}.Debug|x64.ActiveCfg = Debug|iPhone
		{4FA620E9-FF44-44A1-9AED-FF34B5FFD039}.Debug|x64.Build.0 = Debug|iPhone
		{4FA620E9-FF44-44A1-9AED-FF34B5FFD039}.Debug|x64.Deploy.0 = Debug|iPhone
		{4FA620E9-FF44-44A1-9AED-FF34B5FFD039}.Debug|x86.ActiveCfg = Debug|iPhone
		{4FA620E9-FF44-44A1-9AED-FF34B5FFD039}.Debug|x86.Build.0 = Debug|iPhone
		{4FA620E9-FF44-44A1-9AED-FF34B5FFD039}.Debug|x86.Deploy.0 = Debug|iPhone
		{4FA620E9-FF44-44A1-9AED-FF34B5FFD039}.Release|Any CPU.ActiveCfg = Release|iPhone
		{4FA620E9-FF44-44A1-9AED-FF34B5FFD039}.Release|Any CPU.Build.0 = Release|iPhone
		{4FA620E9-FF44-44A1-9AED-FF34B5FFD039}.Release|Any CPU.Deploy.0 = Release|iPhone
		{4FA620E9-FF44-44A1-9AED-FF34B5FFD039}.Release|ARM.ActiveCfg = Release|iPhone
		{4FA620E9-FF44-44A1-9AED-FF34B5FFD039}.Release|ARM.Build.0 = Release|iPhone
		{4FA620E9-FF44-44A1-9AED-FF34B5FFD039}.Release|ARM.Deploy.0 = Release|iPhone
		{4FA620E9-FF44-44A1-9AED-FF34B5FFD039}.Release|iPhone.ActiveCfg = Release|iPhone
		{4FA620E9-FF44-44A1-9AED-FF34B5FFD039}.Release|iPhone.Build.0 = Release|iPhone
		{4FA620E9-FF44-44A1-9AED-FF34B5FFD039}.Release|iPhone.Deploy.0 = Release|iPhone
		{4FA620E9-FF44-44A1-9AED-FF34B5FFD039}.Release|iPhoneSimulator.ActiveCfg = Release|iPhoneSimulator
		{4FA620E9-FF44-44A1-9AED-FF34B5FFD039}.Release|iPhoneSimulator.Build.0 = Release|iPhoneSimulator
		{4FA620E9-FF44-44A1-9AED-FF34B5FFD039}.Release|iPhoneSimulator.Deploy.0 = Release|iPhoneSimulator
		{4FA620E9-FF44-44A1-9AED-FF34B5FFD039}.Release|x64.ActiveCfg = Release|iPhone
		{4FA620E9-FF44-44A1-9AED-FF34B5FFD039}.Release|x64.Build.0 = Release|iPhone
		{4FA620E9-FF44-44A1-9AED-FF34B5FFD039}.Release|x64.Deploy.0 = Release|iPhone
		{4FA620E9-FF44-44A1-9AED-FF34B5FFD039}.Release|x86.ActiveCfg = Release|iPhone
		{4FA620E9-FF44-44A1-9AED-FF34B5FFD039}.Release|x86.Build.0 = Release|iPhone
		{4FA620E9-FF44-44A1-9AED-FF34B5FFD039}.Release|x86.Deploy.0 = Release|iPhone
		{3DBD78FC-5A19-449E-B879-918A88EE65B9}.Ad-Hoc|Any CPU.ActiveCfg = Release|x86
		{3DBD78FC-5A19-449E-B879-918A88EE65B9}.Ad-Hoc|Any CPU.Build.0 = Release|x86
		{3DBD78FC-5A19-449E-B879-918A88EE65B9}.Ad-Hoc|Any CPU.Deploy.0 = Release|x86
		{3DBD78FC-5A19-449E-B879-918A88EE65B9}.Ad-Hoc|ARM.ActiveCfg = Release|ARM
		{3DBD78FC-5A19-449E-B879-918A88EE65B9}.Ad-Hoc|ARM.Build.0 = Release|ARM
		{3DBD78FC-5A19-449E-B879-918A88EE65B9}.Ad-Hoc|ARM.Deploy.0 = Release|ARM
		{3DBD78FC-5A19-449E-B879-918A88EE65B9}.Ad-Hoc|iPhone.ActiveCfg = Release|x86
		{3DBD78FC-5A19-449E-B879-918A88EE65B9}.Ad-Hoc|iPhone.Build.0 = Release|x86
		{3DBD78FC-5A19-449E-B879-918A88EE65B9}.Ad-Hoc|iPhone.Deploy.0 = Release|x86
		{3DBD78FC-5A19-449E-B879-918A88EE65B9}.Ad-Hoc|iPhoneSimulator.ActiveCfg = Release|x86
		{3DBD78FC-5A19-449E-B879-918A88EE65B9}.Ad-Hoc|iPhoneSimulator.Build.0 = Release|x86
		{3DBD78FC-5A19-449E-B879-918A88EE65B9}.Ad-Hoc|iPhoneSimulator.Deploy.0 = Release|x86
		{3DBD78FC-5A19-449E-B879-918A88EE65B9}.Ad-Hoc|x64.ActiveCfg = Release|x64
		{3DBD78FC-5A19-449E-B879-918A88EE65B9}.Ad-Hoc|x64.Build.0 = Release|x64
		{3DBD78FC-5A19-449E-B879-918A88EE65B9}.Ad-Hoc|x64.Deploy.0 = Release|x64
		{3DBD78FC-5A19-449E-B879-918A88EE65B9}.Ad-Hoc|x86.ActiveCfg = Release|x86
		{3DBD78FC-5A19-449E-B879-918A88EE65B9}.Ad-Hoc|x86.Build.0 = Release|x86
		{3DBD78FC-5A19-449E-B879-918A88EE65B9}.Ad-Hoc|x86.Deploy.0 = Release|x86
		{3DBD78FC-5A19-449E-B879-918A88EE65B9}.AppStore|Any CPU.ActiveCfg = Release|x86
		{3DBD78FC-5A19-449E-B879-918A88EE65B9}.AppStore|Any CPU.Build.0 = Release|x86
		{3DBD78FC-5A19-449E-B879-918A88EE65B9}.AppStore|Any CPU.Deploy.0 = Release|x86
		{3DBD78FC-5A19-449E-B879-918A88EE65B9}.AppStore|ARM.ActiveCfg = Release|ARM
		{3DBD78FC-5A19-449E-B879-918A88EE65B9}.AppStore|ARM.Build.0 = Release|ARM
		{3DBD78FC-5A19-449E-B879-918A88EE65B9}.AppStore|ARM.Deploy.0 = Release|ARM
		{3DBD78FC-5A19-449E-B879-918A88EE65B9}.AppStore|iPhone.ActiveCfg = Release|x86
		{3DBD78FC-5A19-449E-B879-918A88EE65B9}.AppStore|iPhone.Build.0 = Release|x86
		{3DBD78FC-5A19-449E-B879-918A88EE65B9}.AppStore|iPhone.Deploy.0 = Release|x86
		{3DBD78FC-5A19-449E-B879-918A88EE65B9}.AppStore|iPhoneSimulator.ActiveCfg = Release|x86
		{3DBD78FC-5A19-449E-B879-918A88EE65B9}.AppStore|iPhoneSimulator.Build.0 = Release|x86
		{3DBD78FC-5A19-449E-B879-918A88EE65B9}.AppStore|iPhoneSimulator.Deploy.0 = Release|x86
		{3DBD78FC-5A19-449E-B879-918A88EE65B9}.AppStore|x64.ActiveCfg = Release|x64
		{3DBD78FC-5A19-449E-B879-918A88EE65B9}.AppStore|x64.Build.0 = Release|x64
		{3DBD78FC-5A19-449E-B879-918A88EE65B9}.AppStore|x64.Deploy.0 = Release|x64
		{3DBD78FC-5A19-449E-B879-918A88EE65B9}.AppStore|x86.ActiveCfg = Release|x86
		{3DBD78FC-5A19-449E-B879-918A88EE65B9}.AppStore|x86.Build.0 = Release|x86
		{3DBD78FC-5A19-449E-B879-918A88EE65B9}.AppStore|x86.Deploy.0 = Release|x86
		{3DBD78FC-5A19-449E-B879-918A88EE65B9}.Debug|Any CPU.ActiveCfg = Debug|x86
		{3DBD78FC-5A19-449E-B879-918A88EE65B9}.Debug|Any CPU.Build.0 = Debug|x86
		{3DBD78FC-5A19-449E-B879-918A88EE65B9}.Debug|Any CPU.Deploy.0 = Debug|x86
		{3DBD78FC-5A19-449E-B879-918A88EE65B9}.Debug|ARM.ActiveCfg = Debug|ARM
		{3DBD78FC-5A19-449E-B879-918A88EE65B9}.Debug|ARM.Build.0 = Debug|ARM
		{3DBD78FC-5A19-449E-B879-918A88EE65B9}.Debug|ARM.Deploy.0 = Debug|ARM
		{3DBD78FC-5A19-449E-B879-918A88EE65B9}.Debug|iPhone.ActiveCfg = Debug|x86
		{3DBD78FC-5A19-449E-B879-918A88EE65B9}.Debug|iPhone.Build.0 = Debug|x86
		{3DBD78FC-5A19-449E-B879-918A88EE65B9}.Debug|iPhone.Deploy.0 = Debug|x86
		{3DBD78FC-5A19-449E-B879-918A88EE65B9}.Debug|iPhoneSimulator.ActiveCfg = Debug|x86
		{3DBD78FC-5A19-449E-B879-918A88EE65B9}.Debug|iPhoneSimulator.Build.0 = Debug|x86
		{3DBD78FC-5A19-449E-B879-918A88EE65B9}.Debug|iPhoneSimulator.Deploy.0 = Debug|x86
		{3DBD78FC-5A19-449E-B879-918A88EE65B9}.Debug|x64.ActiveCfg = Debug|x64
		{3DBD78FC-5A19-449E-B879-918A88EE65B9}.Debug|x64.Build.0 = Debug|x64
		{3DBD78FC-5A19-449E-B879-918A88EE65B9}.Debug|x64.Deploy.0 = Debug|x64
		{3DBD78FC-5A19-449E-B879-918A88EE65B9}.Debug|x86.ActiveCfg = Debug|x86
		{3DBD78FC-5A19-449E-B879-918A88EE65B9}.Debug|x86.Build.0 = Debug|x86
		{3DBD78FC-5A19-449E-B879-918A88EE65B9}.Debug|x86.Deploy.0 = Debug|x86
		{3DBD78FC-5A19-449E-B879-918A88EE65B9}.Release|Any CPU.ActiveCfg = Release|x86
		{3DBD78FC-5A19-449E-B879-918A88EE65B9}.Release|Any CPU.Build.0 = Release|x86
		{3DBD78FC-5A19-449E-B879-918A88EE65B9}.Release|Any CPU.Deploy.0 = Release|x86
		{3DBD78FC-5A19-449E-B879-918A88EE65B9}.Release|ARM.ActiveCfg = Release|ARM
		{3DBD78FC-5A19-449E-B879-918A88EE65B9}.Release|ARM.Build.0 = Release|ARM
		{3DBD78FC-5A19-449E-B879-918A88EE65B9}.Release|ARM.Deploy.0 = Release|ARM
		{3DBD78FC-5A19-449E-B879-918A88EE65B9}.Release|iPhone.ActiveCfg = Release|x86
		{3DBD78FC-5A19-449E-B879-918A88EE65B9}.Release|iPhone.Build.0 = Release|x86
		{3DBD78FC-5A19-449E-B879-918A88EE65B9}.Release|iPhone.Deploy.0 = Release|x86
		{3DBD78FC-5A19-449E-B879-918A88EE65B9}.Release|iPhoneSimulator.ActiveCfg = Release|x86
		{3DBD78FC-5A19-449E-B879-918A88EE65B9}.Release|iPhoneSimulator.Build.0 = Release|x86
		{3DBD78FC-5A19-449E-B879-918A88EE65B9}.Release|iPhoneSimulator.Deploy.0 = Release|x86
		{3DBD78FC-5A19-449E-B879-918A88EE65B9}.Release|x64.ActiveCfg = Release|x64
		{3DBD78FC-5A19-449E-B879-918A88EE65B9}.Release|x64.Build.0 = Release|x64
		{3DBD78FC-5A19-449E-B879-918A88EE65B9}.Release|x64.Deploy.0 = Release|x64
		{3DBD78FC-5A19-449E-B879-918A88EE65B9}.Release|x86.ActiveCfg = Release|x86
		{3DBD78FC-5A19-449E-B879-918A88EE65B9}.Release|x86.Build.0 = Release|x86
		{3DBD78FC-5A19-449E-B879-918A88EE65B9}.Release|x86.Deploy.0 = Release|x86
	EndGlobalSection
	GlobalSection(SolutionProperties) = preSolution
		HideSolutionNode = FALSE
	EndGlobalSection
	GlobalSection(ExtensibilityGlobals) = postSolution
		SolutionGuid = {28A9AAFB-00C7-4CD0-98A2-6C8199C3AE16}
	EndGlobalSection
EndGlobal
